
Microsoft Visual Studio Solution File, Format Version 12.00
# Visual Studio 15
VisualStudioVersion = 15.0.28307.106
MinimumVisualStudioVersion = 10.0.40219.1
Project("{FAE04EC0-301F-11D3-BF4B-00C04F79EFBC}") = "FilmsApp", "FilmsApp\FilmsApp.csproj", "{88010C6F-720A-4509-9859-1E04E80F4E64}"
EndProject
Global
	GlobalSection(SolutionConfigurationPlatforms) = preSolution
		Debug|Any CPU = Debug|Any CPU
		Release|Any CPU = Release|Any CPU
	EndGlobalSection
	GlobalSection(ProjectConfigurationPlatforms) = postSolution
		{88010C6F-720A-4509-9859-1E04E80F4E64}.Debug|Any CPU.ActiveCfg = Debug|Any CPU
		{88010C6F-720A-4509-9859-1E04E80F4E64}.Debug|Any CPU.Build.0 = Debug|Any CPU
		{88010C6F-720A-4509-9859-1E04E80F4E64}.Release|Any CPU.ActiveCfg = Release|Any CPU
		{88010C6F-720A-4509-9859-1E04E80F4E64}.Release|Any CPU.Build.0 = Release|Any CPU
	EndGlobalSection
	GlobalSection(SolutionProperties) = preSolution
		HideSolutionNode = FALSE
	EndGlobalSection
	GlobalSection(ExtensibilityGlobals) = postSolution
		SolutionGuid = {57B02E1B-943F-49B8-9E9F-34436B982AE1}
	EndGlobalSection
EndGlobal
